// !$*UTF8*$!
{
	archiveVersion = 1;
	classes = {
	};
	objectVersion = 55;
	objects = {

/* Begin PBXBuildFile section */
		041779D62B56A2C800548353 /* UserModel.swift in Sources */ = {isa = PBXBuildFile; fileRef = 041779D52B56A2C800548353 /* UserModel.swift */; };
		04324C3B2B56488C00CE944A /* AppDelegate.swift in Sources */ = {isa = PBXBuildFile; fileRef = 04324C3A2B56488C00CE944A /* AppDelegate.swift */; };
		04324C3D2B56488C00CE944A /* SceneDelegate.swift in Sources */ = {isa = PBXBuildFile; fileRef = 04324C3C2B56488C00CE944A /* SceneDelegate.swift */; };
		04324C3F2B56488C00CE944A /* ViewController.swift in Sources */ = {isa = PBXBuildFile; fileRef = 04324C3E2B56488C00CE944A /* ViewController.swift */; };
		04324C422B56488C00CE944A /* Main.storyboard in Resources */ = {isa = PBXBuildFile; fileRef = 04324C402B56488C00CE944A /* Main.storyboard */; };
		04324C452B56488C00CE944A /* AssignmentCoreDataBase.xcdatamodeld in Sources */ = {isa = PBXBuildFile; fileRef = 04324C432B56488C00CE944A /* AssignmentCoreDataBase.xcdatamodeld */; };
		04324C472B56488F00CE944A /* Assets.xcassets in Resources */ = {isa = PBXBuildFile; fileRef = 04324C462B56488F00CE944A /* Assets.xcassets */; };
		04324C4A2B56488F00CE944A /* LaunchScreen.storyboard in Resources */ = {isa = PBXBuildFile; fileRef = 04324C482B56488F00CE944A /* LaunchScreen.storyboard */; };
		04324C542B5648CB00CE944A /* CoreData.swift in Sources */ = {isa = PBXBuildFile; fileRef = 04324C532B5648CB00CE944A /* CoreData.swift */; };
		04324C562B56492C00CE944A /* DetailViewController.swift in Sources */ = {isa = PBXBuildFile; fileRef = 04324C552B56492C00CE944A /* DetailViewController.swift */; };
		04324C592B56494500CE944A /* CollectionViewCell.swift in Sources */ = {isa = PBXBuildFile; fileRef = 04324C572B56494500CE944A /* CollectionViewCell.swift */; };
		04324C5A2B56494500CE944A /* CollectionViewCell.xib in Resources */ = {isa = PBXBuildFile; fileRef = 04324C582B56494500CE944A /* CollectionViewCell.xib */; };
		04324C5C2B564A0200CE944A /* User.swift in Sources */ = {isa = PBXBuildFile; fileRef = 04324C5B2B564A0200CE944A /* User.swift */; };
/* End PBXBuildFile section */

/* Begin PBXFileReference section */
		041779D52B56A2C800548353 /* UserModel.swift */ = {isa = PBXFileReference; lastKnownFileType = sourcecode.swift; path = UserModel.swift; sourceTree = "<group>"; };
		04324C372B56488C00CE944A /* AssignmentCoreDataBase.app */ = {isa = PBXFileReference; explicitFileType = wrapper.application; includeInIndex = 0; path = AssignmentCoreDataBase.app; sourceTree = BUILT_PRODUCTS_DIR; };
		04324C3A2B56488C00CE944A /* AppDelegate.swift */ = {isa = PBXFileReference; lastKnownFileType = sourcecode.swift; path = AppDelegate.swift; sourceTree = "<group>"; };
		04324C3C2B56488C00CE944A /* SceneDelegate.swift */ = {isa = PBXFileReference; lastKnownFileType = sourcecode.swift; path = SceneDelegate.swift; sourceTree = "<group>"; };
		04324C3E2B56488C00CE944A /* ViewController.swift */ = {isa = PBXFileReference; lastKnownFileType = sourcecode.swift; path = ViewController.swift; sourceTree = "<group>"; };
		04324C412B56488C00CE944A /* Base */ = {isa = PBXFileReference; lastKnownFileType = file.storyboard; name = Base; path = Base.lproj/Main.storyboard; sourceTree = "<group>"; };
		04324C442B56488C00CE944A /* AssignmentCoreDataBase.xcdatamodel */ = {isa = PBXFileReference; lastKnownFileType = wrapper.xcdatamodel; path = AssignmentCoreDataBase.xcdatamodel; sourceTree = "<group>"; };
		04324C462B56488F00CE944A /* Assets.xcassets */ = {isa = PBXFileReference; lastKnownFileType = folder.assetcatalog; path = Assets.xcassets; sourceTree = "<group>"; };
		04324C492B56488F00CE944A /* Base */ = {isa = PBXFileReference; lastKnownFileType = file.storyboard; name = Base; path = Base.lproj/LaunchScreen.storyboard; sourceTree = "<group>"; };
		04324C4B2B56488F00CE944A /* Info.plist */ = {isa = PBXFileReference; lastKnownFileType = text.plist.xml; path = Info.plist; sourceTree = "<group>"; };
		04324C532B5648CB00CE944A /* CoreData.swift */ = {isa = PBXFileReference; lastKnownFileType = sourcecode.swift; path = CoreData.swift; sourceTree = "<group>"; };
		04324C552B56492C00CE944A /* DetailViewController.swift */ = {isa = PBXFileReference; lastKnownFileType = sourcecode.swift; path = DetailViewController.swift; sourceTree = "<group>"; };
		04324C572B56494500CE944A /* CollectionViewCell.swift */ = {isa = PBXFileReference; lastKnownFileType = sourcecode.swift; path = CollectionViewCell.swift; sourceTree = "<group>"; };
		04324C582B56494500CE944A /* CollectionViewCell.xib */ = {isa = PBXFileReference; lastKnownFileType = file.xib; path = CollectionViewCell.xib; sourceTree = "<group>"; };
		04324C5B2B564A0200CE944A /* User.swift */ = {isa = PBXFileReference; lastKnownFileType = sourcecode.swift; path = User.swift; sourceTree = "<group>"; };
/* End PBXFileReference section */

/* Begin PBXFrameworksBuildPhase section */
		04324C342B56488C00CE944A /* Frameworks */ = {
			isa = PBXFrameworksBuildPhase;
			buildActionMask = 2147483647;
			files = (
			);
			runOnlyForDeploymentPostprocessing = 0;
		};
/* End PBXFrameworksBuildPhase section */

/* Begin PBXGroup section */
		04324C2E2B56488C00CE944A = {
			isa = PBXGroup;
			children = (
				04324C392B56488C00CE944A /* AssignmentCoreDataBase */,
				04324C382B56488C00CE944A /* Products */,
			);
			sourceTree = "<group>";
		};
		04324C382B56488C00CE944A /* Products */ = {
			isa = PBXGroup;
			children = (
				04324C372B56488C00CE944A /* AssignmentCoreDataBase.app */,
			);
			name = Products;
			sourceTree = "<group>";
		};
		04324C392B56488C00CE944A /* AssignmentCoreDataBase */ = {
			isa = PBXGroup;
			children = (
				04324C3A2B56488C00CE944A /* AppDelegate.swift */,
				04324C3C2B56488C00CE944A /* SceneDelegate.swift */,
				04324C3E2B56488C00CE944A /* ViewController.swift */,
				04324C5B2B564A0200CE944A /* User.swift */,
				041779D52B56A2C800548353 /* UserModel.swift */,
				04324C572B56494500CE944A /* CollectionViewCell.swift */,
				04324C582B56494500CE944A /* CollectionViewCell.xib */,
				04324C402B56488C00CE944A /* Main.storyboard */,
				04324C462B56488F00CE944A /* Assets.xcassets */,
				04324C482B56488F00CE944A /* LaunchScreen.storyboard */,
				04324C4B2B56488F00CE944A /* Info.plist */,
				04324C432B56488C00CE944A /* AssignmentCoreDataBase.xcdatamodeld */,
				04324C532B5648CB00CE944A /* CoreData.swift */,
				04324C552B56492C00CE944A /* DetailViewController.swift */,
			);
			path = AssignmentCoreDataBase;
			sourceTree = "<group>";
		};
/* End PBXGroup section */

/* Begin PBXNativeTarget section */
		04324C362B56488C00CE944A /* AssignmentCoreDataBase */ = {
			isa = PBXNativeTarget;
			buildConfigurationList = 04324C4E2B56488F00CE944A /* Build configuration list for PBXNativeTarget "AssignmentCoreDataBase" */;
			buildPhases = (
				04324C332B56488C00CE944A /* Sources */,
				04324C342B56488C00CE944A /* Frameworks */,
				04324C352B56488C00CE944A /* Resources */,
			);
			buildRules = (
			);
			dependencies = (
			);
			name = AssignmentCoreDataBase;
			productName = AssignmentCoreDataBase;
			productReference = 04324C372B56488C00CE944A /* AssignmentCoreDataBase.app */;
			productType = "com.apple.product-type.application";
		};
/* End PBXNativeTarget section */

/* Begin PBXProject section */
		04324C2F2B56488C00CE944A /* Project object */ = {
			isa = PBXProject;
			attributes = {
				BuildIndependentTargetsInParallel = 1;
				LastSwiftUpdateCheck = 1410;
				LastUpgradeCheck = 1410;
				TargetAttributes = {
					04324C362B56488C00CE944A = {
						CreatedOnToolsVersion = 14.1;
					};
				};
			};
			buildConfigurationList = 04324C322B56488C00CE944A /* Build configuration list for PBXProject "AssignmentCoreDataBase" */;
			compatibilityVersion = "Xcode 13.0";
			developmentRegion = en;
			hasScannedForEncodings = 0;
			knownRegions = (
				en,
				Base,
			);
			mainGroup = 04324C2E2B56488C00CE944A;
			productRefGroup = 04324C382B56488C00CE944A /* Products */;
			projectDirPath = "";
			projectRoot = "";
			targets = (
				04324C362B56488C00CE944A /* AssignmentCoreDataBase */,
			);
		};
/* End PBXProject section */

/* Begin PBXResourcesBuildPhase section */
		04324C352B56488C00CE944A /* Resources */ = {
			isa = PBXResourcesBuildPhase;
			buildActionMask = 2147483647;
			files = (
				04324C4A2B56488F00CE944A /* LaunchScreen.storyboard in Resources */,
				04324C472B56488F00CE944A /* Assets.xcassets in Resources */,
				04324C5A2B56494500CE944A /* CollectionViewCell.xib in Resources */,
				04324C422B56488C00CE944A /* Main.storyboard in Resources */,
			);
			runOnlyForDeploymentPostprocessing = 0;
		};
/* End PBXResourcesBuildPhase section */

/* Begin PBXSourcesBuildPhase section */
		04324C332B56488C00CE944A /* Sources */ = {
			isa = PBXSourcesBuildPhase;
			buildActionMask = 2147483647;
			files = (
				04324C3F2B56488C00CE944A /* ViewController.swift in Sources */,
				04324C3B2B56488C00CE944A /* AppDelegate.swift in Sources */,
				04324C452B56488C00CE944A /* AssignmentCoreDataBase.xcdatamodeld in Sources */,
				04324C592B56494500CE944A /* CollectionViewCell.swift in Sources */,
				04324C5C2B564A0200CE944A /* User.swift in Sources */,
				04324C562B56492C00CE944A /* DetailViewController.swift in Sources */,
				04324C3D2B56488C00CE944A /* SceneDelegate.swift in Sources */,
				041779D62B56A2C800548353 /* UserModel.swift in Sources */,
				04324C542B5648CB00CE944A /* CoreData.swift in Sources */,
			);
			runOnlyForDeploymentPostprocessing = 0;
		};
/* End PBXSourcesBuildPhase section */

/* Begin PBXVariantGroup section */
		04324C402B56488C00CE944A /* Main.storyboard */ = {
			isa = PBXVariantGroup;
			children = (
				04324C412B56488C00CE944A /* Base */,
			);
			name = Main.storyboard;
			sourceTree = "<group>";
		};
		04324C482B56488F00CE944A /* LaunchScreen.storyboard */ = {
			isa = PBXVariantGroup;
			children = (
				04324C492B56488F00CE944A /* Base */,
			);
			name = LaunchScreen.storyboard;
			sourceTree = "<group>";
		};
/* End PBXVariantGroup section */

/* Begin XCBuildConfiguration section */
		04324C4C2B56488F00CE944A /* Debug */ = {
			isa = XCBuildConfiguration;
			buildSettings = {
				ALWAYS_SEARCH_USER_PATHS = NO;
				CLANG_ANALYZER_NONNULL = YES;
				CLANG_ANALYZER_NUMBER_OBJECT_CONVERSION = YES_AGGRESSIVE;
				CLANG_CXX_LANGUAGE_STANDARD = "gnu++20";
				CLANG_ENABLE_MODULES = YES;
				CLANG_ENABLE_OBJC_ARC = YES;
				CLANG_ENABLE_OBJC_WEAK = YES;
				CLANG_WARN_BLOCK_CAPTURE_AUTORELEASING = YES;
				CLANG_WARN_BOOL_CONVERSION = YES;
				CLANG_WARN_COMMA = YES;
				CLANG_WARN_CONSTANT_CONVERSION = YES;
				CLANG_WARN_DEPRECATED_OBJC_IMPLEMENTATIONS = YES;
				CLANG_WARN_DIRECT_OBJC_ISA_USAGE = YES_ERROR;
				CLANG_WARN_DOCUMENTATION_COMMENTS = YES;
				CLANG_WARN_EMPTY_BODY = YES;
				CLANG_WARN_ENUM_CONVERSION = YES;
				CLANG_WARN_INFINITE_RECURSION = YES;
				CLANG_WARN_INT_CONVERSION = YES;
				CLANG_WARN_NON_LITERAL_NULL_CONVERSION = YES;
				CLANG_WARN_OBJC_IMPLICIT_RETAIN_SELF = YES;
				CLANG_WARN_OBJC_LITERAL_CONVERSION = YES;
				CLANG_WARN_OBJC_ROOT_CLASS = YES_ERROR;
				CLANG_WARN_QUOTED_INCLUDE_IN_FRAMEWORK_HEADER = YES;
				CLANG_WARN_RANGE_LOOP_ANALYSIS = YES;
				CLANG_WARN_STRICT_PROTOTYPES = YES;
				CLANG_WARN_SUSPICIOUS_MOVE = YES;
				CLANG_WARN_UNGUARDED_AVAILABILITY = YES_AGGRESSIVE;
				CLANG_WARN_UNREACHABLE_CODE = YES;
				CLANG_WARN__DUPLICATE_METHOD_MATCH = YES;
				COPY_PHASE_STRIP = NO;
				DEBUG_INFORMATION_FORMAT = dwarf;
				ENABLE_STRICT_OBJC_MSGSEND = YES;
				ENABLE_TESTABILITY = YES;
				GCC_C_LANGUAGE_STANDARD = gnu11;
				GCC_DYNAMIC_NO_PIC = NO;
				GCC_NO_COMMON_BLOCKS = YES;
				GCC_OPTIMIZATION_LEVEL = 0;
				GCC_PREPROCESSOR_DEFINITIONS = (
					"DEBUG=1",
					"$(inherited)",
				);
				GCC_WARN_64_TO_32_BIT_CONVERSION = YES;
				GCC_WARN_ABOUT_RETURN_TYPE = YES_ERROR;
				GCC_WARN_UNDECLARED_SELECTOR = YES;
				GCC_WARN_UNINITIALIZED_AUTOS = YES_AGGRESSIVE;
				GCC_WARN_UNUSED_FUNCTION = YES;
				GCC_WARN_UNUSED_VARIABLE = YES;
				IPHONEOS_DEPLOYMENT_TARGET = 16.1;
				MTL_ENABLE_DEBUG_INFO = INCLUDE_SOURCE;
				MTL_FAST_MATH = YES;
				ONLY_ACTIVE_ARCH = YES;
				SDKROOT = iphoneos;
				SWIFT_ACTIVE_COMPILATION_CONDITIONS = DEBUG;
				SWIFT_OPTIMIZATION_LEVEL = "-Onone";
			};
			name = Debug;
		};
		04324C4D2B56488F00CE944A /* Release */ = {
			isa = XCBuildConfiguration;
			buildSettings = {
				ALWAYS_SEARCH_USER_PATHS = NO;
				CLANG_ANALYZER_NONNULL = YES;
				CLANG_ANALYZER_NUMBER_OBJECT_CONVERSION = YES_AGGRESSIVE;
				CLANG_CXX_LANGUAGE_STANDARD = "gnu++20";
				CLANG_ENABLE_MODULES = YES;
				CLANG_ENABLE_OBJC_ARC = YES;
				CLANG_ENABLE_OBJC_WEAK = YES;
				CLANG_WARN_BLOCK_CAPTURE_AUTORELEASING = YES;
				CLANG_WARN_BOOL_CONVERSION = YES;
				CLANG_WARN_COMMA = YES;
				CLANG_WARN_CONSTANT_CONVERSION = YES;
				CLANG_WARN_DEPRECATED_OBJC_IMPLEMENTATIONS = YES;
				CLANG_WARN_DIRECT_OBJC_ISA_USAGE = YES_ERROR;
				CLANG_WARN_DOCUMENTATION_COMMENTS = YES;
				CLANG_WARN_EMPTY_BODY = YES;
				CLANG_WARN_ENUM_CONVERSION = YES;
				CLANG_WARN_INFINITE_RECURSION = YES;
				CLANG_WARN_INT_CONVERSION = YES;
				CLANG_WARN_NON_LITERAL_NULL_CONVERSION = YES;
				CLANG_WARN_OBJC_IMPLICIT_RETAIN_SELF = YES;
				CLANG_WARN_OBJC_LITERAL_CONVERSION = YES;
				CLANG_WARN_OBJC_ROOT_CLASS = YES_ERROR;
				CLANG_WARN_QUOTED_INCLUDE_IN_FRAMEWORK_HEADER = YES;
				CLANG_WARN_RANGE_LOOP_ANALYSIS = YES;
				CLANG_WARN_STRICT_PROTOTYPES = YES;
				CLANG_WARN_SUSPICIOUS_MOVE = YES;
				CLANG_WARN_UNGUARDED_AVAILABILITY = YES_AGGRESSIVE;
				CLANG_WARN_UNREACHABLE_CODE = YES;
				CLANG_WARN__DUPLICATE_METHOD_MATCH = YES;
				COPY_PHASE_STRIP = NO;
				DEBUG_INFORMATION_FORMAT = "dwarf-with-dsym";
				ENABLE_NS_ASSERTIONS = NO;
				ENABLE_STRICT_OBJC_MSGSEND = YES;
				GCC_C_LANGUAGE_STANDARD = gnu11;
				GCC_NO_COMMON_BLOCKS = YES;
				GCC_WARN_64_TO_32_BIT_CONVERSION = YES;
				GCC_WARN_ABOUT_RETURN_TYPE = YES_ERROR;
				GCC_WARN_UNDECLARED_SELECTOR = YES;
				GCC_WARN_UNINITIALIZED_AUTOS = YES_AGGRESSIVE;
				GCC_WARN_UNUSED_FUNCTION = YES;
				GCC_WARN_UNUSED_VARIABLE = YES;
				IPHONEOS_DEPLOYMENT_TARGET = 16.1;
				MTL_ENABLE_DEBUG_INFO = NO;
				MTL_FAST_MATH = YES;
				SDKROOT = iphoneos;
				SWIFT_COMPILATION_MODE = wholemodule;
				SWIFT_OPTIMIZATION_LEVEL = "-O";
				VALIDATE_PRODUCT = YES;
			};
			name = Release;
		};
		04324C4F2B56488F00CE944A /* Debug */ = {
			isa = XCBuildConfiguration;
			buildSettings = {
				ASSETCATALOG_COMPILER_APPICON_NAME = AppIcon;
				ASSETCATALOG_COMPILER_GLOBAL_ACCENT_COLOR_NAME = AccentColor;
				CODE_SIGN_STYLE = Automatic;
				CURRENT_PROJECT_VERSION = 1;
				GENERATE_INFOPLIST_FILE = YES;
				INFOPLIST_FILE = AssignmentCoreDataBase/Info.plist;
				INFOPLIST_KEY_UIApplicationSupportsIndirectInputEvents = YES;
				INFOPLIST_KEY_UILaunchStoryboardName = LaunchScreen;
				INFOPLIST_KEY_UIMainStoryboardFile = Main;
				INFOPLIST_KEY_UISupportedInterfaceOrientations_iPad = "UIInterfaceOrientationPortrait UIInterfaceOrientationPortraitUpsideDown UIInterfaceOrientationLandscapeLeft UIInterfaceOrientationLandscapeRight";
				INFOPLIST_KEY_UISupportedInterfaceOrientations_iPhone = "UIInterfaceOrientationPortrait UIInterfaceOrientationLandscapeLeft UIInterfaceOrientationLandscapeRight";
				LD_RUNPATH_SEARCH_PATHS = (
					"$(inherited)",
					"@executable_path/Frameworks",
				);
				MARKETING_VERSION = 1.0;
				PRODUCT_BUNDLE_IDENTIFIER = in.bitcode.AssignmentCoreDataBase;
				PRODUCT_NAME = "$(TARGET_NAME)";
				SWIFT_EMIT_LOC_STRINGS = YES;
				SWIFT_VERSION = 5.0;
				TARGETED_DEVICE_FAMILY = "1,2";
			};
			name = Debug;
		};
		04324C502B56488F00CE944A /* Release */ = {
			isa = XCBuildConfiguration;
			buildSettings = {
				ASSETCATALOG_COMPILER_APPICON_NAME = AppIcon;
				ASSETCATALOG_COMPILER_GLOBAL_ACCENT_COLOR_NAME = AccentColor;
				CODE_SIGN_STYLE = Automatic;
				CURRENT_PROJECT_VERSION = 1;
				GENERATE_INFOPLIST_FILE = YES;
				INFOPLIST_FILE = AssignmentCoreDataBase/Info.plist;
				INFOPLIST_KEY_UIApplicationSupportsIndirectInputEvents = YES;
				INFOPLIST_KEY_UILaunchStoryboardName = LaunchScreen;
				INFOPLIST_KEY_UIMainStoryboardFile = Main;
				INFOPLIST_KEY_UISupportedInterfaceOrientations_iPad = "UIInterfaceOrientationPortrait UIInterfaceOrientationPortraitUpsideDown UIInterfaceOrientationLandscapeLeft UIInterfaceOrientationLandscapeRight";
				INFOPLIST_KEY_UISupportedInterfaceOrientations_iPhone = "UIInterfaceOrientationPortrait UIInterfaceOrientationLandscapeLeft UIInterfaceOrientationLandscapeRight";
				LD_RUNPATH_SEARCH_PATHS = (
					"$(inherited)",
					"@executable_path/Frameworks",
				);
				MARKETING_VERSION = 1.0;
				PRODUCT_BUNDLE_IDENTIFIER = in.bitcode.AssignmentCoreDataBase;
				PRODUCT_NAME = "$(TARGET_NAME)";
				SWIFT_EMIT_LOC_STRINGS = YES;
				SWIFT_VERSION = 5.0;
				TARGETED_DEVICE_FAMILY = "1,2";
			};
			name = Release;
		};
/* End XCBuildConfiguration section */

/* Begin XCConfigurationList section */
		04324C322B56488C00CE944A /* Build configuration list for PBXProject "AssignmentCoreDataBase" */ = {
			isa = XCConfigurationList;
			buildConfigurations = (
				04324C4C2B56488F00CE944A /* Debug */,
				04324C4D2B56488F00CE944A /* Release */,
			);
			defaultConfigurationIsVisible = 0;
			defaultConfigurationName = Release;
		};
		04324C4E2B56488F00CE944A /* Build configuration list for PBXNativeTarget "AssignmentCoreDataBase" */ = {
			isa = XCConfigurationList;
			buildConfigurations = (
				04324C4F2B56488F00CE944A /* Debug */,
				04324C502B56488F00CE944A /* Release */,
			);
			defaultConfigurationIsVisible = 0;
			defaultConfigurationName = Release;
		};
/* End XCConfigurationList section */

/* Begin XCVersionGroup section */
		04324C432B56488C00CE944A /* AssignmentCoreDataBase.xcdatamodeld */ = {
			isa = XCVersionGroup;
			children = (
				04324C442B56488C00CE944A /* AssignmentCoreDataBase.xcdatamodel */,
			);
			currentVersion = 04324C442B56488C00CE944A /* AssignmentCoreDataBase.xcdatamodel */;
			path = AssignmentCoreDataBase.xcdatamodeld;
			sourceTree = "<group>";
			versionGroupType = wrapper.xcdatamodel;
		};
/* End XCVersionGroup section */
	};
	rootObject = 04324C2F2B56488C00CE944A /* Project object */;
}
